{
    "_meta": {
        "hash": {
            "sha256": "f05f9e300c88030ff492b1c6c019990ad9d8656221ef7c28e7636a2f86a79791"
        },
        "pipfile-spec": 6,
        "requires": {
            "python_version": "3.5"
        },
        "sources": [
            {
                "name": "pypi",
                "url": "https://pypi.org/simple",
                "verify_ssl": true
            }
        ]
    },
    "default": {
        "django-cors-headers": {
          "hashes": [
              "sha256:c7987faa9aaef7f6a802b0f354a719e80a9158c284f530265ac792f1ee725e52",
              "sha256:ceacbd60dd5a65c95e65e74b5559bd4161aa3fe5713c44e1f3417a12bd41e7ba"
          ],
          "index": "pypi",
          "version": "==2.5.3"
        },
    },
    "develop": {}
}
